// !$*UTF8*$!
{
	archiveVersion = 1;
	classes = {
	};
	objectVersion = 54;
	objects = {

/* Begin PBXBuildFile section */
		4D474AF822F252B30051E6F8 /* TipCalc.xcdatamodeld in Sources */ = {isa = PBXBuildFile; fileRef = 4D474AF622F252B30051E6F8 /* TipCalc.xcdatamodeld */; };
		4D474AFB22F253190051E6F8 /* Bill+CoreDataClass.swift in Sources */ = {isa = PBXBuildFile; fileRef = 4D474AF922F253190051E6F8 /* Bill+CoreDataClass.swift */; };
		4D474AFC22F253190051E6F8 /* Bill+CoreDataProperties.swift in Sources */ = {isa = PBXBuildFile; fileRef = 4D474AFA22F253190051E6F8 /* Bill+CoreDataProperties.swift */; };
		4D474B0022F32E560051E6F8 /* CellId+Enum.swift in Sources */ = {isa = PBXBuildFile; fileRef = 4D474AFF22F32E560051E6F8 /* CellId+Enum.swift */; };
		4D60E3F729871C4E00C8C95F /* AccessibilityUtils.swift in Sources */ = {isa = PBXBuildFile; fileRef = 4D60E3F629871C4E00C8C95F /* AccessibilityUtils.swift */; };
		4D8EE8B32BE466E400E5BD28 /* Localizable.xcstrings in Resources */ = {isa = PBXBuildFile; fileRef = 4D8EE8B22BE466E400E5BD28 /* Localizable.xcstrings */; };
		4DAF1A3F2AEB3B5D00714473 /* Constant.swift in Sources */ = {isa = PBXBuildFile; fileRef = 4DAF1A3E2AEB3B5D00714473 /* Constant.swift */; };
		4DAF1A412AEB502100714473 /* PreviewView.swift in Sources */ = {isa = PBXBuildFile; fileRef = 4DAF1A402AEB502100714473 /* PreviewView.swift */; };
		4DC50CD0230858B3005AC185 /* TimeString.swift in Sources */ = {isa = PBXBuildFile; fileRef = 4DC50CCF230858B3005AC185 /* TimeString.swift */; };
		4DCA1F292A03520300107312 /* SplitViewController.swift in Sources */ = {isa = PBXBuildFile; fileRef = 4DCA1F282A03520300107312 /* SplitViewController.swift */; };
		4DD83CC522EFCFC8002933DE /* AppDelegate.swift in Sources */ = {isa = PBXBuildFile; fileRef = 4DD83CC422EFCFC8002933DE /* AppDelegate.swift */; };
		4DD83CC722EFCFC8002933DE /* MainController.swift in Sources */ = {isa = PBXBuildFile; fileRef = 4DD83CC622EFCFC8002933DE /* MainController.swift */; };
		4DD83CCC22EFCFCA002933DE /* Assets.xcassets in Resources */ = {isa = PBXBuildFile; fileRef = 4DD83CCB22EFCFCA002933DE /* Assets.xcassets */; };
		4DD83CCF22EFCFCA002933DE /* LaunchScreen.storyboard in Resources */ = {isa = PBXBuildFile; fileRef = 4DD83CCD22EFCFCA002933DE /* LaunchScreen.storyboard */; };
		4DD83CD722EFD0A8002933DE /* AnchorsLayout.swift in Sources */ = {isa = PBXBuildFile; fileRef = 4DD83CD622EFD0A8002933DE /* AnchorsLayout.swift */; };
		4DD83CD922F089C2002933DE /* MainView.swift in Sources */ = {isa = PBXBuildFile; fileRef = 4DD83CD822F089C2002933DE /* MainView.swift */; };
		4DD83CDB22F08A35002933DE /* MainHandlers+Ext.swift in Sources */ = {isa = PBXBuildFile; fileRef = 4DD83CDA22F08A35002933DE /* MainHandlers+Ext.swift */; };
		4DD83CDF22F08AEE002933DE /* BillCell.swift in Sources */ = {isa = PBXBuildFile; fileRef = 4DD83CDE22F08AEE002933DE /* BillCell.swift */; };
		4DD83CE122F0AF43002933DE /* AlertController.swift in Sources */ = {isa = PBXBuildFile; fileRef = 4DD83CE022F0AF43002933DE /* AlertController.swift */; };
		4DD83CE422F124A4002933DE /* PersistanceServices.swift in Sources */ = {isa = PBXBuildFile; fileRef = 4DD83CE322F124A4002933DE /* PersistanceServices.swift */; };
		4DD83CE622F124E7002933DE /* SaveHandlers+Ext.swift in Sources */ = {isa = PBXBuildFile; fileRef = 4DD83CE522F124E7002933DE /* SaveHandlers+Ext.swift */; };
		4DD83CE822F1250D002933DE /* Delegates+Datasource+Ext.swift in Sources */ = {isa = PBXBuildFile; fileRef = 4DD83CE722F1250D002933DE /* Delegates+Datasource+Ext.swift */; };
		8DA6815226C613B10091DBD0 /* CalculationsViewModel.swift in Sources */ = {isa = PBXBuildFile; fileRef = 8DA6815126C613B10091DBD0 /* CalculationsViewModel.swift */; };
		8DA6815426C618610091DBD0 /* SaveViewModel.swift in Sources */ = {isa = PBXBuildFile; fileRef = 8DA6815326C618610091DBD0 /* SaveViewModel.swift */; };
/* End PBXBuildFile section */

/* Begin PBXFileReference section */
		4D474AF722F252B30051E6F8 /* TipCalc.xcdatamodel */ = {isa = PBXFileReference; lastKnownFileType = wrapper.xcdatamodel; path = TipCalc.xcdatamodel; sourceTree = "<group>"; };
		4D474AF922F253190051E6F8 /* Bill+CoreDataClass.swift */ = {isa = PBXFileReference; lastKnownFileType = sourcecode.swift; path = "Bill+CoreDataClass.swift"; sourceTree = "<group>"; };
		4D474AFA22F253190051E6F8 /* Bill+CoreDataProperties.swift */ = {isa = PBXFileReference; lastKnownFileType = sourcecode.swift; path = "Bill+CoreDataProperties.swift"; sourceTree = "<group>"; };
		4D474AFF22F32E560051E6F8 /* CellId+Enum.swift */ = {isa = PBXFileReference; lastKnownFileType = sourcecode.swift; path = "CellId+Enum.swift"; sourceTree = "<group>"; };
		4D60E3F629871C4E00C8C95F /* AccessibilityUtils.swift */ = {isa = PBXFileReference; lastKnownFileType = sourcecode.swift; path = AccessibilityUtils.swift; sourceTree = "<group>"; };
		4D8EE8B22BE466E400E5BD28 /* Localizable.xcstrings */ = {isa = PBXFileReference; lastKnownFileType = text.json.xcstrings; path = Localizable.xcstrings; sourceTree = "<group>"; };
		4DAF1A3E2AEB3B5D00714473 /* Constant.swift */ = {isa = PBXFileReference; lastKnownFileType = sourcecode.swift; path = Constant.swift; sourceTree = "<group>"; };
		4DAF1A402AEB502100714473 /* PreviewView.swift */ = {isa = PBXFileReference; lastKnownFileType = sourcecode.swift; path = PreviewView.swift; sourceTree = "<group>"; };
		4DC50CCF230858B3005AC185 /* TimeString.swift */ = {isa = PBXFileReference; lastKnownFileType = sourcecode.swift; path = TimeString.swift; sourceTree = "<group>"; };
		4DCA1F282A03520300107312 /* SplitViewController.swift */ = {isa = PBXFileReference; lastKnownFileType = sourcecode.swift; path = SplitViewController.swift; sourceTree = "<group>"; };
		4DD83CC122EFCFC8002933DE /* TipCalc.app */ = {isa = PBXFileReference; explicitFileType = wrapper.application; includeInIndex = 0; path = TipCalc.app; sourceTree = BUILT_PRODUCTS_DIR; };
		4DD83CC422EFCFC8002933DE /* AppDelegate.swift */ = {isa = PBXFileReference; lastKnownFileType = sourcecode.swift; path = AppDelegate.swift; sourceTree = "<group>"; };
		4DD83CC622EFCFC8002933DE /* MainController.swift */ = {isa = PBXFileReference; lastKnownFileType = sourcecode.swift; path = MainController.swift; sourceTree = "<group>"; };
		4DD83CCB22EFCFCA002933DE /* Assets.xcassets */ = {isa = PBXFileReference; lastKnownFileType = folder.assetcatalog; path = Assets.xcassets; sourceTree = "<group>"; };
		4DD83CCE22EFCFCA002933DE /* Base */ = {isa = PBXFileReference; lastKnownFileType = file.storyboard; name = Base; path = Base.lproj/LaunchScreen.storyboard; sourceTree = "<group>"; };
		4DD83CD022EFCFCA002933DE /* Info.plist */ = {isa = PBXFileReference; lastKnownFileType = text.plist.xml; path = Info.plist; sourceTree = "<group>"; };
		4DD83CD622EFD0A8002933DE /* AnchorsLayout.swift */ = {isa = PBXFileReference; lastKnownFileType = sourcecode.swift; path = AnchorsLayout.swift; sourceTree = "<group>"; };
		4DD83CD822F089C2002933DE /* MainView.swift */ = {isa = PBXFileReference; lastKnownFileType = sourcecode.swift; path = MainView.swift; sourceTree = "<group>"; };
		4DD83CDA22F08A35002933DE /* MainHandlers+Ext.swift */ = {isa = PBXFileReference; lastKnownFileType = sourcecode.swift; path = "MainHandlers+Ext.swift"; sourceTree = "<group>"; };
		4DD83CDE22F08AEE002933DE /* BillCell.swift */ = {isa = PBXFileReference; lastKnownFileType = sourcecode.swift; path = BillCell.swift; sourceTree = "<group>"; };
		4DD83CE022F0AF43002933DE /* AlertController.swift */ = {isa = PBXFileReference; lastKnownFileType = sourcecode.swift; path = AlertController.swift; sourceTree = "<group>"; };
		4DD83CE322F124A4002933DE /* PersistanceServices.swift */ = {isa = PBXFileReference; lastKnownFileType = sourcecode.swift; path = PersistanceServices.swift; sourceTree = "<group>"; };
		4DD83CE522F124E7002933DE /* SaveHandlers+Ext.swift */ = {isa = PBXFileReference; lastKnownFileType = sourcecode.swift; path = "SaveHandlers+Ext.swift"; sourceTree = "<group>"; };
		4DD83CE722F1250D002933DE /* Delegates+Datasource+Ext.swift */ = {isa = PBXFileReference; lastKnownFileType = sourcecode.swift; path = "Delegates+Datasource+Ext.swift"; sourceTree = "<group>"; };
		8DA6815126C613B10091DBD0 /* CalculationsViewModel.swift */ = {isa = PBXFileReference; lastKnownFileType = sourcecode.swift; path = CalculationsViewModel.swift; sourceTree = "<group>"; };
		8DA6815326C618610091DBD0 /* SaveViewModel.swift */ = {isa = PBXFileReference; lastKnownFileType = sourcecode.swift; path = SaveViewModel.swift; sourceTree = "<group>"; };
/* End PBXFileReference section */

/* Begin PBXFrameworksBuildPhase section */
		4DD83CBE22EFCFC8002933DE /* Frameworks */ = {
			isa = PBXFrameworksBuildPhase;
			buildActionMask = 2147483647;
			files = (
			);
			runOnlyForDeploymentPostprocessing = 0;
		};
/* End PBXFrameworksBuildPhase section */

/* Begin PBXGroup section */
		4D0943D529B6E38900C40E27 /* Localizables */ = {
			isa = PBXGroup;
			children = (
				4D8EE8B22BE466E400E5BD28 /* Localizable.xcstrings */,
			);
			path = Localizables;
			sourceTree = "<group>";
		};
		4DD83CB822EFCFC8002933DE = {
			isa = PBXGroup;
			children = (
				4DD83CC322EFCFC8002933DE /* TipCalc */,
				4DD83CC222EFCFC8002933DE /* Products */,
			);
			sourceTree = "<group>";
		};
		4DD83CC222EFCFC8002933DE /* Products */ = {
			isa = PBXGroup;
			children = (
				4DD83CC122EFCFC8002933DE /* TipCalc.app */,
			);
			name = Products;
			sourceTree = "<group>";
		};
		4DD83CC322EFCFC8002933DE /* TipCalc */ = {
			isa = PBXGroup;
			children = (
				8D8E7B1A26D9C6AB000BB252 /* Utils */,
				8DA6815026C613A00091DBD0 /* ViewModel */,
				4DD83CE222F12488002933DE /* Model */,
				4DD83CDD22F08AC5002933DE /* View */,
				4DD83CDC22F08AB5002933DE /* Controller */,
				4D0943D529B6E38900C40E27 /* Localizables */,
				4DD83CCB22EFCFCA002933DE /* Assets.xcassets */,
				4D474AF622F252B30051E6F8 /* TipCalc.xcdatamodeld */,
				4DD83CCD22EFCFCA002933DE /* LaunchScreen.storyboard */,
				4DD83CD022EFCFCA002933DE /* Info.plist */,
			);
			path = TipCalc;
			sourceTree = "<group>";
		};
		4DD83CDC22F08AB5002933DE /* Controller */ = {
			isa = PBXGroup;
			children = (
				4DD83CC422EFCFC8002933DE /* AppDelegate.swift */,
				4DD83CC622EFCFC8002933DE /* MainController.swift */,
				4DD83CE722F1250D002933DE /* Delegates+Datasource+Ext.swift */,
				4DCA1F282A03520300107312 /* SplitViewController.swift */,
				4DD83CE522F124E7002933DE /* SaveHandlers+Ext.swift */,
				4DD83CDA22F08A35002933DE /* MainHandlers+Ext.swift */,
			);
			path = Controller;
			sourceTree = "<group>";
		};
		4DD83CDD22F08AC5002933DE /* View */ = {
			isa = PBXGroup;
			children = (
				4DD83CD822F089C2002933DE /* MainView.swift */,
				4DD83CDE22F08AEE002933DE /* BillCell.swift */,
				4D474AFF22F32E560051E6F8 /* CellId+Enum.swift */,
			);
			path = View;
			sourceTree = "<group>";
		};
		4DD83CE222F12488002933DE /* Model */ = {
			isa = PBXGroup;
			children = (
				4D474AF922F253190051E6F8 /* Bill+CoreDataClass.swift */,
				4D474AFA22F253190051E6F8 /* Bill+CoreDataProperties.swift */,
				4DD83CE322F124A4002933DE /* PersistanceServices.swift */,
				4DC50CCF230858B3005AC185 /* TimeString.swift */,
			);
			path = Model;
			sourceTree = "<group>";
		};
		8D8E7B1A26D9C6AB000BB252 /* Utils */ = {
			isa = PBXGroup;
			children = (
				4DD83CD622EFD0A8002933DE /* AnchorsLayout.swift */,
				4DD83CE022F0AF43002933DE /* AlertController.swift */,
				4D60E3F629871C4E00C8C95F /* AccessibilityUtils.swift */,
				4DAF1A3E2AEB3B5D00714473 /* Constant.swift */,
				4DAF1A402AEB502100714473 /* PreviewView.swift */,
			);
			path = Utils;
			sourceTree = "<group>";
		};
		8DA6815026C613A00091DBD0 /* ViewModel */ = {
			isa = PBXGroup;
			children = (
				8DA6815126C613B10091DBD0 /* CalculationsViewModel.swift */,
				8DA6815326C618610091DBD0 /* SaveViewModel.swift */,
			);
			path = ViewModel;
			sourceTree = "<group>";
		};
/* End PBXGroup section */

/* Begin PBXNativeTarget section */
		4DD83CC022EFCFC8002933DE /* TipCalc */ = {
			isa = PBXNativeTarget;
			buildConfigurationList = 4DD83CD322EFCFCA002933DE /* Build configuration list for PBXNativeTarget "TipCalc" */;
			buildPhases = (
				4DD83CBD22EFCFC8002933DE /* Sources */,
				4DD83CBE22EFCFC8002933DE /* Frameworks */,
				4DD83CBF22EFCFC8002933DE /* Resources */,
			);
			buildRules = (
			);
			dependencies = (
			);
			name = TipCalc;
			productName = TipCalc;
			productReference = 4DD83CC122EFCFC8002933DE /* TipCalc.app */;
			productType = "com.apple.product-type.application";
		};
/* End PBXNativeTarget section */

/* Begin PBXProject section */
		4DD83CB922EFCFC8002933DE /* Project object */ = {
			isa = PBXProject;
			attributes = {
				BuildIndependentTargetsInParallel = YES;
				LastSwiftUpdateCheck = 1030;
				LastUpgradeCheck = 1530;
				ORGANIZATIONNAME = "Israel Manzo";
				TargetAttributes = {
					4DD83CC022EFCFC8002933DE = {
						CreatedOnToolsVersion = 10.3;
					};
				};
			};
			buildConfigurationList = 4DD83CBC22EFCFC8002933DE /* Build configuration list for PBXProject "TipCalc" */;
			compatibilityVersion = "Xcode 9.3";
			developmentRegion = en;
			hasScannedForEncodings = 0;
			knownRegions = (
				en,
				Base,
				"es-419",
			);
			mainGroup = 4DD83CB822EFCFC8002933DE;
			productRefGroup = 4DD83CC222EFCFC8002933DE /* Products */;
			projectDirPath = "";
			projectRoot = "";
			targets = (
				4DD83CC022EFCFC8002933DE /* TipCalc */,
			);
		};
/* End PBXProject section */

/* Begin PBXResourcesBuildPhase section */
		4DD83CBF22EFCFC8002933DE /* Resources */ = {
			isa = PBXResourcesBuildPhase;
			buildActionMask = 2147483647;
			files = (
				4DD83CCF22EFCFCA002933DE /* LaunchScreen.storyboard in Resources */,
				4D8EE8B32BE466E400E5BD28 /* Localizable.xcstrings in Resources */,
				4DD83CCC22EFCFCA002933DE /* Assets.xcassets in Resources */,
			);
			runOnlyForDeploymentPostprocessing = 0;
		};
/* End PBXResourcesBuildPhase section */

/* Begin PBXSourcesBuildPhase section */
		4DD83CBD22EFCFC8002933DE /* Sources */ = {
			isa = PBXSourcesBuildPhase;
			buildActionMask = 2147483647;
			files = (
				4D474AF822F252B30051E6F8 /* TipCalc.xcdatamodeld in Sources */,
				4DC50CD0230858B3005AC185 /* TimeString.swift in Sources */,
				4DAF1A412AEB502100714473 /* PreviewView.swift in Sources */,
				4DD83CE422F124A4002933DE /* PersistanceServices.swift in Sources */,
				4DD83CD722EFD0A8002933DE /* AnchorsLayout.swift in Sources */,
				4DD83CDB22F08A35002933DE /* MainHandlers+Ext.swift in Sources */,
				4DD83CE822F1250D002933DE /* Delegates+Datasource+Ext.swift in Sources */,
				4DD83CD922F089C2002933DE /* MainView.swift in Sources */,
				8DA6815226C613B10091DBD0 /* CalculationsViewModel.swift in Sources */,
				8DA6815426C618610091DBD0 /* SaveViewModel.swift in Sources */,
				4D474AFC22F253190051E6F8 /* Bill+CoreDataProperties.swift in Sources */,
				4D474B0022F32E560051E6F8 /* CellId+Enum.swift in Sources */,
				4D474AFB22F253190051E6F8 /* Bill+CoreDataClass.swift in Sources */,
				4DD83CC722EFCFC8002933DE /* MainController.swift in Sources */,
				4D60E3F729871C4E00C8C95F /* AccessibilityUtils.swift in Sources */,
				4DD83CE122F0AF43002933DE /* AlertController.swift in Sources */,
				4DAF1A3F2AEB3B5D00714473 /* Constant.swift in Sources */,
				4DD83CDF22F08AEE002933DE /* BillCell.swift in Sources */,
				4DD83CC522EFCFC8002933DE /* AppDelegate.swift in Sources */,
				4DCA1F292A03520300107312 /* SplitViewController.swift in Sources */,
				4DD83CE622F124E7002933DE /* SaveHandlers+Ext.swift in Sources */,
			);
			runOnlyForDeploymentPostprocessing = 0;
		};
/* End PBXSourcesBuildPhase section */

/* Begin PBXVariantGroup section */
		4DD83CCD22EFCFCA002933DE /* LaunchScreen.storyboard */ = {
			isa = PBXVariantGroup;
			children = (
				4DD83CCE22EFCFCA002933DE /* Base */,
			);
			name = LaunchScreen.storyboard;
			sourceTree = "<group>";
		};
/* End PBXVariantGroup section */

/* Begin XCBuildConfiguration section */
		4DD83CD122EFCFCA002933DE /* Debug */ = {
			isa = XCBuildConfiguration;
			buildSettings = {
				ALWAYS_SEARCH_USER_PATHS = NO;
				ASSETCATALOG_COMPILER_GENERATE_SWIFT_ASSET_SYMBOL_EXTENSIONS = YES;
				CLANG_ANALYZER_LOCALIZABILITY_NONLOCALIZED = YES;
				CLANG_ANALYZER_NONNULL = YES;
				CLANG_ANALYZER_NUMBER_OBJECT_CONVERSION = YES_AGGRESSIVE;
				CLANG_CXX_LANGUAGE_STANDARD = "gnu++14";
				CLANG_CXX_LIBRARY = "libc++";
				CLANG_ENABLE_MODULES = YES;
				CLANG_ENABLE_OBJC_ARC = YES;
				CLANG_ENABLE_OBJC_WEAK = YES;
				CLANG_WARN_BLOCK_CAPTURE_AUTORELEASING = YES;
				CLANG_WARN_BOOL_CONVERSION = YES;
				CLANG_WARN_COMMA = YES;
				CLANG_WARN_CONSTANT_CONVERSION = YES;
				CLANG_WARN_DEPRECATED_OBJC_IMPLEMENTATIONS = YES;
				CLANG_WARN_DIRECT_OBJC_ISA_USAGE = YES_ERROR;
				CLANG_WARN_DOCUMENTATION_COMMENTS = YES;
				CLANG_WARN_EMPTY_BODY = YES;
				CLANG_WARN_ENUM_CONVERSION = YES;
				CLANG_WARN_INFINITE_RECURSION = YES;
				CLANG_WARN_INT_CONVERSION = YES;
				CLANG_WARN_NON_LITERAL_NULL_CONVERSION = YES;
				CLANG_WARN_OBJC_IMPLICIT_RETAIN_SELF = YES;
				CLANG_WARN_OBJC_LITERAL_CONVERSION = YES;
				CLANG_WARN_OBJC_ROOT_CLASS = YES_ERROR;
				CLANG_WARN_QUOTED_INCLUDE_IN_FRAMEWORK_HEADER = YES;
				CLANG_WARN_RANGE_LOOP_ANALYSIS = YES;
				CLANG_WARN_STRICT_PROTOTYPES = YES;
				CLANG_WARN_SUSPICIOUS_MOVE = YES;
				CLANG_WARN_UNGUARDED_AVAILABILITY = YES_AGGRESSIVE;
				CLANG_WARN_UNREACHABLE_CODE = YES;
				CLANG_WARN__DUPLICATE_METHOD_MATCH = YES;
				CODE_SIGN_IDENTITY = "iPhone Developer";
				COPY_PHASE_STRIP = NO;
				DEBUG_INFORMATION_FORMAT = dwarf;
				ENABLE_STRICT_OBJC_MSGSEND = YES;
				ENABLE_TESTABILITY = YES;
				ENABLE_USER_SCRIPT_SANDBOXING = YES;
				GCC_C_LANGUAGE_STANDARD = gnu11;
				GCC_DYNAMIC_NO_PIC = NO;
				GCC_NO_COMMON_BLOCKS = YES;
				GCC_OPTIMIZATION_LEVEL = 0;
				GCC_PREPROCESSOR_DEFINITIONS = (
					"DEBUG=1",
					"$(inherited)",
				);
				GCC_WARN_64_TO_32_BIT_CONVERSION = YES;
				GCC_WARN_ABOUT_RETURN_TYPE = YES_ERROR;
				GCC_WARN_UNDECLARED_SELECTOR = YES;
				GCC_WARN_UNINITIALIZED_AUTOS = YES_AGGRESSIVE;
				GCC_WARN_UNUSED_FUNCTION = YES;
				GCC_WARN_UNUSED_VARIABLE = YES;
				IPHONEOS_DEPLOYMENT_TARGET = 12.4;
				MTL_ENABLE_DEBUG_INFO = INCLUDE_SOURCE;
				MTL_FAST_MATH = YES;
				ONLY_ACTIVE_ARCH = YES;
				SDKROOT = iphoneos;
				SWIFT_ACTIVE_COMPILATION_CONDITIONS = DEBUG;
				SWIFT_OPTIMIZATION_LEVEL = "-Onone";
			};
			name = Debug;
		};
		4DD83CD222EFCFCA002933DE /* Release */ = {
			isa = XCBuildConfiguration;
			buildSettings = {
				ALWAYS_SEARCH_USER_PATHS = NO;
				ASSETCATALOG_COMPILER_GENERATE_SWIFT_ASSET_SYMBOL_EXTENSIONS = YES;
				CLANG_ANALYZER_LOCALIZABILITY_NONLOCALIZED = YES;
				CLANG_ANALYZER_NONNULL = YES;
				CLANG_ANALYZER_NUMBER_OBJECT_CONVERSION = YES_AGGRESSIVE;
				CLANG_CXX_LANGUAGE_STANDARD = "gnu++14";
				CLANG_CXX_LIBRARY = "libc++";
				CLANG_ENABLE_MODULES = YES;
				CLANG_ENABLE_OBJC_ARC = YES;
				CLANG_ENABLE_OBJC_WEAK = YES;
				CLANG_WARN_BLOCK_CAPTURE_AUTORELEASING = YES;
				CLANG_WARN_BOOL_CONVERSION = YES;
				CLANG_WARN_COMMA = YES;
				CLANG_WARN_CONSTANT_CONVERSION = YES;
				CLANG_WARN_DEPRECATED_OBJC_IMPLEMENTATIONS = YES;
				CLANG_WARN_DIRECT_OBJC_ISA_USAGE = YES_ERROR;
				CLANG_WARN_DOCUMENTATION_COMMENTS = YES;
				CLANG_WARN_EMPTY_BODY = YES;
				CLANG_WARN_ENUM_CONVERSION = YES;
				CLANG_WARN_INFINITE_RECURSION = YES;
				CLANG_WARN_INT_CONVERSION = YES;
				CLANG_WARN_NON_LITERAL_NULL_CONVERSION = YES;
				CLANG_WARN_OBJC_IMPLICIT_RETAIN_SELF = YES;
				CLANG_WARN_OBJC_LITERAL_CONVERSION = YES;
				CLANG_WARN_OBJC_ROOT_CLASS = YES_ERROR;
				CLANG_WARN_QUOTED_INCLUDE_IN_FRAMEWORK_HEADER = YES;
				CLANG_WARN_RANGE_LOOP_ANALYSIS = YES;
				CLANG_WARN_STRICT_PROTOTYPES = YES;
				CLANG_WARN_SUSPICIOUS_MOVE = YES;
				CLANG_WARN_UNGUARDED_AVAILABILITY = YES_AGGRESSIVE;
				CLANG_WARN_UNREACHABLE_CODE = YES;
				CLANG_WARN__DUPLICATE_METHOD_MATCH = YES;
				CODE_SIGN_IDENTITY = "iPhone Developer";
				COPY_PHASE_STRIP = NO;
				DEBUG_INFORMATION_FORMAT = "dwarf-with-dsym";
				ENABLE_NS_ASSERTIONS = NO;
				ENABLE_STRICT_OBJC_MSGSEND = YES;
				ENABLE_USER_SCRIPT_SANDBOXING = YES;
				GCC_C_LANGUAGE_STANDARD = gnu11;
				GCC_NO_COMMON_BLOCKS = YES;
				GCC_WARN_64_TO_32_BIT_CONVERSION = YES;
				GCC_WARN_ABOUT_RETURN_TYPE = YES_ERROR;
				GCC_WARN_UNDECLARED_SELECTOR = YES;
				GCC_WARN_UNINITIALIZED_AUTOS = YES_AGGRESSIVE;
				GCC_WARN_UNUSED_FUNCTION = YES;
				GCC_WARN_UNUSED_VARIABLE = YES;
				IPHONEOS_DEPLOYMENT_TARGET = 12.4;
				MTL_ENABLE_DEBUG_INFO = NO;
				MTL_FAST_MATH = YES;
				SDKROOT = iphoneos;
				SWIFT_COMPILATION_MODE = wholemodule;
				SWIFT_OPTIMIZATION_LEVEL = "-O";
				VALIDATE_PRODUCT = YES;
			};
			name = Release;
		};
		4DD83CD422EFCFCA002933DE /* Debug */ = {
			isa = XCBuildConfiguration;
			buildSettings = {
				ASSETCATALOG_COMPILER_APPICON_NAME = AppIcon;
				CODE_SIGN_STYLE = Automatic;
				DEVELOPMENT_TEAM = G9TBJCK73T;
				INFOPLIST_FILE = TipCalc/Info.plist;
				IPHONEOS_DEPLOYMENT_TARGET = 16.2;
				LD_RUNPATH_SEARCH_PATHS = (
					"$(inherited)",
					"@executable_path/Frameworks",
				);
				MARKETING_VERSION = 1.2;
				PRODUCT_BUNDLE_IDENTIFIER = com.israelmanzo.map.tipcalculator;
				PRODUCT_NAME = "$(TARGET_NAME)";
				SWIFT_EMIT_LOC_STRINGS = YES;
				SWIFT_VERSION = 5.0;
				TARGETED_DEVICE_FAMILY = "1,2";
			};
			name = Debug;
		};
		4DD83CD522EFCFCA002933DE /* Release */ = {
			isa = XCBuildConfiguration;
			buildSettings = {
				ASSETCATALOG_COMPILER_APPICON_NAME = AppIcon;
				CODE_SIGN_STYLE = Automatic;
				DEVELOPMENT_TEAM = G9TBJCK73T;
				INFOPLIST_FILE = TipCalc/Info.plist;
				IPHONEOS_DEPLOYMENT_TARGET = 16.2;
				LD_RUNPATH_SEARCH_PATHS = (
					"$(inherited)",
					"@executable_path/Frameworks",
				);
				MARKETING_VERSION = 1.2;
				PRODUCT_BUNDLE_IDENTIFIER = com.israelmanzo.map.tipcalculator;
				PRODUCT_NAME = "$(TARGET_NAME)";
				SWIFT_EMIT_LOC_STRINGS = YES;
				SWIFT_VERSION = 5.0;
				TARGETED_DEVICE_FAMILY = "1,2";
			};
			name = Release;
		};
/* End XCBuildConfiguration section */

/* Begin XCConfigurationList section */
		4DD83CBC22EFCFC8002933DE /* Build configuration list for PBXProject "TipCalc" */ = {
			isa = XCConfigurationList;
			buildConfigurations = (
				4DD83CD122EFCFCA002933DE /* Debug */,
				4DD83CD222EFCFCA002933DE /* Release */,
			);
			defaultConfigurationIsVisible = 0;
			defaultConfigurationName = Release;
		};
		4DD83CD322EFCFCA002933DE /* Build configuration list for PBXNativeTarget "TipCalc" */ = {
			isa = XCConfigurationList;
			buildConfigurations = (
				4DD83CD422EFCFCA002933DE /* Debug */,
				4DD83CD522EFCFCA002933DE /* Release */,
			);
			defaultConfigurationIsVisible = 0;
			defaultConfigurationName = Release;
		};
/* End XCConfigurationList section */

/* Begin XCVersionGroup section */
		4D474AF622F252B30051E6F8 /* TipCalc.xcdatamodeld */ = {
			isa = XCVersionGroup;
			children = (
				4D474AF722F252B30051E6F8 /* TipCalc.xcdatamodel */,
			);
			currentVersion = 4D474AF722F252B30051E6F8 /* TipCalc.xcdatamodel */;
			path = TipCalc.xcdatamodeld;
			sourceTree = "<group>";
			versionGroupType = wrapper.xcdatamodel;
		};
/* End XCVersionGroup section */
	};
	rootObject = 4DD83CB922EFCFC8002933DE /* Project object */;
}
