// !$*UTF8*$!
{
	archiveVersion = 1;
	classes = {
	};
	objectVersion = 55;
	objects = {

/* Begin PBXBuildFile section */
		8D886E6F280CF0C600F74167 /* TipItApp.swift in Sources */ = {isa = PBXBuildFile; fileRef = 8D886E6E280CF0C600F74167 /* TipItApp.swift */; };
		8D886E71280CF0C600F74167 /* ContentView.swift in Sources */ = {isa = PBXBuildFile; fileRef = 8D886E70280CF0C600F74167 /* ContentView.swift */; };
		8D886E73280CF0CB00F74167 /* Assets.xcassets in Resources */ = {isa = PBXBuildFile; fileRef = 8D886E72280CF0CB00F74167 /* Assets.xcassets */; };
		8D886E76280CF0CB00F74167 /* Preview Assets.xcassets in Resources */ = {isa = PBXBuildFile; fileRef = 8D886E75280CF0CB00F74167 /* Preview Assets.xcassets */; };
		8D886E80280CF0CC00F74167 /* TipItTests.swift in Sources */ = {isa = PBXBuildFile; fileRef = 8D886E7F280CF0CC00F74167 /* TipItTests.swift */; };
		8D886E8A280CF0CC00F74167 /* TipItUITests.swift in Sources */ = {isa = PBXBuildFile; fileRef = 8D886E89280CF0CC00F74167 /* TipItUITests.swift */; };
		8D886E8C280CF0CC00F74167 /* TipItUITestsLaunchTests.swift in Sources */ = {isa = PBXBuildFile; fileRef = 8D886E8B280CF0CC00F74167 /* TipItUITestsLaunchTests.swift */; };
/* End PBXBuildFile section */

/* Begin PBXContainerItemProxy section */
		8D886E7C280CF0CC00F74167 /* PBXContainerItemProxy */ = {
			isa = PBXContainerItemProxy;
			containerPortal = 8D886E63280CF0C600F74167 /* Project object */;
			proxyType = 1;
			remoteGlobalIDString = 8D886E6A280CF0C600F74167;
			remoteInfo = TipIt;
		};
		8D886E86280CF0CC00F74167 /* PBXContainerItemProxy */ = {
			isa = PBXContainerItemProxy;
			containerPortal = 8D886E63280CF0C600F74167 /* Project object */;
			proxyType = 1;
			remoteGlobalIDString = 8D886E6A280CF0C600F74167;
			remoteInfo = TipIt;
		};
/* End PBXContainerItemProxy section */

/* Begin PBXFileReference section */
		8D886E6B280CF0C600F74167 /* TipIt.app */ = {isa = PBXFileReference; explicitFileType = wrapper.application; includeInIndex = 0; path = TipIt.app; sourceTree = BUILT_PRODUCTS_DIR; };
		8D886E6E280CF0C600F74167 /* TipItApp.swift */ = {isa = PBXFileReference; lastKnownFileType = sourcecode.swift; path = TipItApp.swift; sourceTree = "<group>"; };
		8D886E70280CF0C600F74167 /* ContentView.swift */ = {isa = PBXFileReference; lastKnownFileType = sourcecode.swift; path = ContentView.swift; sourceTree = "<group>"; };
		8D886E72280CF0CB00F74167 /* Assets.xcassets */ = {isa = PBXFileReference; lastKnownFileType = folder.assetcatalog; path = Assets.xcassets; sourceTree = "<group>"; };
		8D886E75280CF0CB00F74167 /* Preview Assets.xcassets */ = {isa = PBXFileReference; lastKnownFileType = folder.assetcatalog; path = "Preview Assets.xcassets"; sourceTree = "<group>"; };
		8D886E7B280CF0CC00F74167 /* TipItTests.xctest */ = {isa = PBXFileReference; explicitFileType = wrapper.cfbundle; includeInIndex = 0; path = TipItTests.xctest; sourceTree = BUILT_PRODUCTS_DIR; };
		8D886E7F280CF0CC00F74167 /* TipItTests.swift */ = {isa = PBXFileReference; lastKnownFileType = sourcecode.swift; path = TipItTests.swift; sourceTree = "<group>"; };
		8D886E85280CF0CC00F74167 /* TipItUITests.xctest */ = {isa = PBXFileReference; explicitFileType = wrapper.cfbundle; includeInIndex = 0; path = TipItUITests.xctest; sourceTree = BUILT_PRODUCTS_DIR; };
		8D886E89280CF0CC00F74167 /* TipItUITests.swift */ = {isa = PBXFileReference; lastKnownFileType = sourcecode.swift; path = TipItUITests.swift; sourceTree = "<group>"; };
		8D886E8B280CF0CC00F74167 /* TipItUITestsLaunchTests.swift */ = {isa = PBXFileReference; lastKnownFileType = sourcecode.swift; path = TipItUITestsLaunchTests.swift; sourceTree = "<group>"; };
/* End PBXFileReference section */

/* Begin PBXFrameworksBuildPhase section */
		8D886E68280CF0C600F74167 /* Frameworks */ = {
			isa = PBXFrameworksBuildPhase;
			buildActionMask = 2147483647;
			files = (
			);
			runOnlyForDeploymentPostprocessing = 0;
		};
		8D886E78280CF0CC00F74167 /* Frameworks */ = {
			isa = PBXFrameworksBuildPhase;
			buildActionMask = 2147483647;
			files = (
			);
			runOnlyForDeploymentPostprocessing = 0;
		};
		8D886E82280CF0CC00F74167 /* Frameworks */ = {
			isa = PBXFrameworksBuildPhase;
			buildActionMask = 2147483647;
			files = (
			);
			runOnlyForDeploymentPostprocessing = 0;
		};
/* End PBXFrameworksBuildPhase section */

/* Begin PBXGroup section */
		8D886E62280CF0C600F74167 = {
			isa = PBXGroup;
			children = (
				8D886E6D280CF0C600F74167 /* TipIt */,
				8D886E7E280CF0CC00F74167 /* TipItTests */,
				8D886E88280CF0CC00F74167 /* TipItUITests */,
				8D886E6C280CF0C600F74167 /* Products */,
			);
			sourceTree = "<group>";
		};
		8D886E6C280CF0C600F74167 /* Products */ = {
			isa = PBXGroup;
			children = (
				8D886E6B280CF0C600F74167 /* TipIt.app */,
				8D886E7B280CF0CC00F74167 /* TipItTests.xctest */,
				8D886E85280CF0CC00F74167 /* TipItUITests.xctest */,
			);
			name = Products;
			sourceTree = "<group>";
		};
		8D886E6D280CF0C600F74167 /* TipIt */ = {
			isa = PBXGroup;
			children = (
				8D886E6E280CF0C600F74167 /* TipItApp.swift */,
				8D886E70280CF0C600F74167 /* ContentView.swift */,
				8D886E72280CF0CB00F74167 /* Assets.xcassets */,
				8D886E74280CF0CB00F74167 /* Preview Content */,
			);
			path = TipIt;
			sourceTree = "<group>";
		};
		8D886E74280CF0CB00F74167 /* Preview Content */ = {
			isa = PBXGroup;
			children = (
				8D886E75280CF0CB00F74167 /* Preview Assets.xcassets */,
			);
			path = "Preview Content";
			sourceTree = "<group>";
		};
		8D886E7E280CF0CC00F74167 /* TipItTests */ = {
			isa = PBXGroup;
			children = (
				8D886E7F280CF0CC00F74167 /* TipItTests.swift */,
			);
			path = TipItTests;
			sourceTree = "<group>";
		};
		8D886E88280CF0CC00F74167 /* TipItUITests */ = {
			isa = PBXGroup;
			children = (
				8D886E89280CF0CC00F74167 /* TipItUITests.swift */,
				8D886E8B280CF0CC00F74167 /* TipItUITestsLaunchTests.swift */,
			);
			path = TipItUITests;
			sourceTree = "<group>";
		};
/* End PBXGroup section */

/* Begin PBXNativeTarget section */
		8D886E6A280CF0C600F74167 /* TipIt */ = {
			isa = PBXNativeTarget;
			buildConfigurationList = 8D886E8F280CF0CC00F74167 /* Build configuration list for PBXNativeTarget "TipIt" */;
			buildPhases = (
				8D886E67280CF0C600F74167 /* Sources */,
				8D886E68280CF0C600F74167 /* Frameworks */,
				8D886E69280CF0C600F74167 /* Resources */,
			);
			buildRules = (
			);
			dependencies = (
			);
			name = TipIt;
			productName = TipIt;
			productReference = 8D886E6B280CF0C600F74167 /* TipIt.app */;
			productType = "com.apple.product-type.application";
		};
		8D886E7A280CF0CC00F74167 /* TipItTests */ = {
			isa = PBXNativeTarget;
			buildConfigurationList = 8D886E92280CF0CC00F74167 /* Build configuration list for PBXNativeTarget "TipItTests" */;
			buildPhases = (
				8D886E77280CF0CC00F74167 /* Sources */,
				8D886E78280CF0CC00F74167 /* Frameworks */,
				8D886E79280CF0CC00F74167 /* Resources */,
			);
			buildRules = (
			);
			dependencies = (
				8D886E7D280CF0CC00F74167 /* PBXTargetDependency */,
			);
			name = TipItTests;
			productName = TipItTests;
			productReference = 8D886E7B280CF0CC00F74167 /* TipItTests.xctest */;
			productType = "com.apple.product-type.bundle.unit-test";
		};
		8D886E84280CF0CC00F74167 /* TipItUITests */ = {
			isa = PBXNativeTarget;
			buildConfigurationList = 8D886E95280CF0CC00F74167 /* Build configuration list for PBXNativeTarget "TipItUITests" */;
			buildPhases = (
				8D886E81280CF0CC00F74167 /* Sources */,
				8D886E82280CF0CC00F74167 /* Frameworks */,
				8D886E83280CF0CC00F74167 /* Resources */,
			);
			buildRules = (
			);
			dependencies = (
				8D886E87280CF0CC00F74167 /* PBXTargetDependency */,
			);
			name = TipItUITests;
			productName = TipItUITests;
			productReference = 8D886E85280CF0CC00F74167 /* TipItUITests.xctest */;
			productType = "com.apple.product-type.bundle.ui-testing";
		};
/* End PBXNativeTarget section */

/* Begin PBXProject section */
		8D886E63280CF0C600F74167 /* Project object */ = {
			isa = PBXProject;
			attributes = {
				BuildIndependentTargetsInParallel = 1;
				LastSwiftUpdateCheck = 1330;
				LastUpgradeCheck = 1620;
				TargetAttributes = {
					8D886E6A280CF0C600F74167 = {
						CreatedOnToolsVersion = 13.3;
					};
					8D886E7A280CF0CC00F74167 = {
						CreatedOnToolsVersion = 13.3;
						TestTargetID = 8D886E6A280CF0C600F74167;
					};
					8D886E84280CF0CC00F74167 = {
						CreatedOnToolsVersion = 13.3;
						TestTargetID = 8D886E6A280CF0C600F74167;
					};
				};
			};
			buildConfigurationList = 8D886E66280CF0C600F74167 /* Build configuration list for PBXProject "TipIt" */;
			compatibilityVersion = "Xcode 13.0";
			developmentRegion = en;
			hasScannedForEncodings = 0;
			knownRegions = (
				en,
				Base,
			);
			mainGroup = 8D886E62280CF0C600F74167;
			productRefGroup = 8D886E6C280CF0C600F74167 /* Products */;
			projectDirPath = "";
			projectRoot = "";
			targets = (
				8D886E6A280CF0C600F74167 /* TipIt */,
				8D886E7A280CF0CC00F74167 /* TipItTests */,
				8D886E84280CF0CC00F74167 /* TipItUITests */,
			);
		};
/* End PBXProject section */

/* Begin PBXResourcesBuildPhase section */
		8D886E69280CF0C600F74167 /* Resources */ = {
			isa = PBXResourcesBuildPhase;
			buildActionMask = 2147483647;
			files = (
				8D886E76280CF0CB00F74167 /* Preview Assets.xcassets in Resources */,
				8D886E73280CF0CB00F74167 /* Assets.xcassets in Resources */,
			);
			runOnlyForDeploymentPostprocessing = 0;
		};
		8D886E79280CF0CC00F74167 /* Resources */ = {
			isa = PBXResourcesBuildPhase;
			buildActionMask = 2147483647;
			files = (
			);
			runOnlyForDeploymentPostprocessing = 0;
		};
		8D886E83280CF0CC00F74167 /* Resources */ = {
			isa = PBXResourcesBuildPhase;
			buildActionMask = 2147483647;
			files = (
			);
			runOnlyForDeploymentPostprocessing = 0;
		};
/* End PBXResourcesBuildPhase section */

/* Begin PBXSourcesBuildPhase section */
		8D886E67280CF0C600F74167 /* Sources */ = {
			isa = PBXSourcesBuildPhase;
			buildActionMask = 2147483647;
			files = (
				8D886E71280CF0C600F74167 /* ContentView.swift in Sources */,
				8D886E6F280CF0C600F74167 /* TipItApp.swift in Sources */,
			);
			runOnlyForDeploymentPostprocessing = 0;
		};
		8D886E77280CF0CC00F74167 /* Sources */ = {
			isa = PBXSourcesBuildPhase;
			buildActionMask = 2147483647;
			files = (
				8D886E80280CF0CC00F74167 /* TipItTests.swift in Sources */,
			);
			runOnlyForDeploymentPostprocessing = 0;
		};
		8D886E81280CF0CC00F74167 /* Sources */ = {
			isa = PBXSourcesBuildPhase;
			buildActionMask = 2147483647;
			files = (
				8D886E8A280CF0CC00F74167 /* TipItUITests.swift in Sources */,
				8D886E8C280CF0CC00F74167 /* TipItUITestsLaunchTests.swift in Sources */,
			);
			runOnlyForDeploymentPostprocessing = 0;
		};
/* End PBXSourcesBuildPhase section */

/* Begin PBXTargetDependency section */
		8D886E7D280CF0CC00F74167 /* PBXTargetDependency */ = {
			isa = PBXTargetDependency;
			target = 8D886E6A280CF0C600F74167 /* TipIt */;
			targetProxy = 8D886E7C280CF0CC00F74167 /* PBXContainerItemProxy */;
		};
		8D886E87280CF0CC00F74167 /* PBXTargetDependency */ = {
			isa = PBXTargetDependency;
			target = 8D886E6A280CF0C600F74167 /* TipIt */;
			targetProxy = 8D886E86280CF0CC00F74167 /* PBXContainerItemProxy */;
		};
/* End PBXTargetDependency section */

/* Begin XCBuildConfiguration section */
		8D886E8D280CF0CC00F74167 /* Debug */ = {
			isa = XCBuildConfiguration;
			buildSettings = {
				ALWAYS_SEARCH_USER_PATHS = NO;
				ASSETCATALOG_COMPILER_GENERATE_SWIFT_ASSET_SYMBOL_EXTENSIONS = YES;
				CLANG_ANALYZER_NONNULL = YES;
				CLANG_ANALYZER_NUMBER_OBJECT_CONVERSION = YES_AGGRESSIVE;
				CLANG_CXX_LANGUAGE_STANDARD = "gnu++17";
				CLANG_ENABLE_MODULES = YES;
				CLANG_ENABLE_OBJC_ARC = YES;
				CLANG_ENABLE_OBJC_WEAK = YES;
				CLANG_WARN_BLOCK_CAPTURE_AUTORELEASING = YES;
				CLANG_WARN_BOOL_CONVERSION = YES;
				CLANG_WARN_COMMA = YES;
				CLANG_WARN_CONSTANT_CONVERSION = YES;
				CLANG_WARN_DEPRECATED_OBJC_IMPLEMENTATIONS = YES;
				CLANG_WARN_DIRECT_OBJC_ISA_USAGE = YES_ERROR;
				CLANG_WARN_DOCUMENTATION_COMMENTS = YES;
				CLANG_WARN_EMPTY_BODY = YES;
				CLANG_WARN_ENUM_CONVERSION = YES;
				CLANG_WARN_INFINITE_RECURSION = YES;
				CLANG_WARN_INT_CONVERSION = YES;
				CLANG_WARN_NON_LITERAL_NULL_CONVERSION = YES;
				CLANG_WARN_OBJC_IMPLICIT_RETAIN_SELF = YES;
				CLANG_WARN_OBJC_LITERAL_CONVERSION = YES;
				CLANG_WARN_OBJC_ROOT_CLASS = YES_ERROR;
				CLANG_WARN_QUOTED_INCLUDE_IN_FRAMEWORK_HEADER = YES;
				CLANG_WARN_RANGE_LOOP_ANALYSIS = YES;
				CLANG_WARN_STRICT_PROTOTYPES = YES;
				CLANG_WARN_SUSPICIOUS_MOVE = YES;
				CLANG_WARN_UNGUARDED_AVAILABILITY = YES_AGGRESSIVE;
				CLANG_WARN_UNREACHABLE_CODE = YES;
				CLANG_WARN__DUPLICATE_METHOD_MATCH = YES;
				COPY_PHASE_STRIP = NO;
				DEBUG_INFORMATION_FORMAT = dwarf;
				ENABLE_STRICT_OBJC_MSGSEND = YES;
				ENABLE_TESTABILITY = YES;
				ENABLE_USER_SCRIPT_SANDBOXING = YES;
				GCC_C_LANGUAGE_STANDARD = gnu11;
				GCC_DYNAMIC_NO_PIC = NO;
				GCC_NO_COMMON_BLOCKS = YES;
				GCC_OPTIMIZATION_LEVEL = 0;
				GCC_PREPROCESSOR_DEFINITIONS = (
					"DEBUG=1",
					"$(inherited)",
				);
				GCC_WARN_64_TO_32_BIT_CONVERSION = YES;
				GCC_WARN_ABOUT_RETURN_TYPE = YES_ERROR;
				GCC_WARN_UNDECLARED_SELECTOR = YES;
				GCC_WARN_UNINITIALIZED_AUTOS = YES_AGGRESSIVE;
				GCC_WARN_UNUSED_FUNCTION = YES;
				GCC_WARN_UNUSED_VARIABLE = YES;
				IPHONEOS_DEPLOYMENT_TARGET = 15.4;
				MTL_ENABLE_DEBUG_INFO = INCLUDE_SOURCE;
				MTL_FAST_MATH = YES;
				ONLY_ACTIVE_ARCH = YES;
				SDKROOT = iphoneos;
				SWIFT_ACTIVE_COMPILATION_CONDITIONS = DEBUG;
				SWIFT_OPTIMIZATION_LEVEL = "-Onone";
			};
			name = Debug;
		};
		8D886E8E280CF0CC00F74167 /* Release */ = {
			isa = XCBuildConfiguration;
			buildSettings = {
				ALWAYS_SEARCH_USER_PATHS = NO;
				ASSETCATALOG_COMPILER_GENERATE_SWIFT_ASSET_SYMBOL_EXTENSIONS = YES;
				CLANG_ANALYZER_NONNULL = YES;
				CLANG_ANALYZER_NUMBER_OBJECT_CONVERSION = YES_AGGRESSIVE;
				CLANG_CXX_LANGUAGE_STANDARD = "gnu++17";
				CLANG_ENABLE_MODULES = YES;
				CLANG_ENABLE_OBJC_ARC = YES;
				CLANG_ENABLE_OBJC_WEAK = YES;
				CLANG_WARN_BLOCK_CAPTURE_AUTORELEASING = YES;
				CLANG_WARN_BOOL_CONVERSION = YES;
				CLANG_WARN_COMMA = YES;
				CLANG_WARN_CONSTANT_CONVERSION = YES;
				CLANG_WARN_DEPRECATED_OBJC_IMPLEMENTATIONS = YES;
				CLANG_WARN_DIRECT_OBJC_ISA_USAGE = YES_ERROR;
				CLANG_WARN_DOCUMENTATION_COMMENTS = YES;
				CLANG_WARN_EMPTY_BODY = YES;
				CLANG_WARN_ENUM_CONVERSION = YES;
				CLANG_WARN_INFINITE_RECURSION = YES;
				CLANG_WARN_INT_CONVERSION = YES;
				CLANG_WARN_NON_LITERAL_NULL_CONVERSION = YES;
				CLANG_WARN_OBJC_IMPLICIT_RETAIN_SELF = YES;
				CLANG_WARN_OBJC_LITERAL_CONVERSION = YES;
				CLANG_WARN_OBJC_ROOT_CLASS = YES_ERROR;
				CLANG_WARN_QUOTED_INCLUDE_IN_FRAMEWORK_HEADER = YES;
				CLANG_WARN_RANGE_LOOP_ANALYSIS = YES;
				CLANG_WARN_STRICT_PROTOTYPES = YES;
				CLANG_WARN_SUSPICIOUS_MOVE = YES;
				CLANG_WARN_UNGUARDED_AVAILABILITY = YES_AGGRESSIVE;
				CLANG_WARN_UNREACHABLE_CODE = YES;
				CLANG_WARN__DUPLICATE_METHOD_MATCH = YES;
				COPY_PHASE_STRIP = NO;
				DEBUG_INFORMATION_FORMAT = "dwarf-with-dsym";
				ENABLE_NS_ASSERTIONS = NO;
				ENABLE_STRICT_OBJC_MSGSEND = YES;
				ENABLE_USER_SCRIPT_SANDBOXING = YES;
				GCC_C_LANGUAGE_STANDARD = gnu11;
				GCC_NO_COMMON_BLOCKS = YES;
				GCC_WARN_64_TO_32_BIT_CONVERSION = YES;
				GCC_WARN_ABOUT_RETURN_TYPE = YES_ERROR;
				GCC_WARN_UNDECLARED_SELECTOR = YES;
				GCC_WARN_UNINITIALIZED_AUTOS = YES_AGGRESSIVE;
				GCC_WARN_UNUSED_FUNCTION = YES;
				GCC_WARN_UNUSED_VARIABLE = YES;
				IPHONEOS_DEPLOYMENT_TARGET = 15.4;
				MTL_ENABLE_DEBUG_INFO = NO;
				MTL_FAST_MATH = YES;
				SDKROOT = iphoneos;
				SWIFT_COMPILATION_MODE = wholemodule;
				SWIFT_OPTIMIZATION_LEVEL = "-O";
				VALIDATE_PRODUCT = YES;
			};
			name = Release;
		};
		8D886E90280CF0CC00F74167 /* Debug */ = {
			isa = XCBuildConfiguration;
			buildSettings = {
				ASSETCATALOG_COMPILER_APPICON_NAME = AppIcon;
				ASSETCATALOG_COMPILER_GLOBAL_ACCENT_COLOR_NAME = AccentColor;
				CODE_SIGN_STYLE = Automatic;
				CURRENT_PROJECT_VERSION = 1;
				DEVELOPMENT_ASSET_PATHS = "\"TipIt/Preview Content\"";
				DEVELOPMENT_TEAM = 6DC9LP75VX;
				ENABLE_PREVIEWS = YES;
				GENERATE_INFOPLIST_FILE = YES;
				INFOPLIST_KEY_UIApplicationSceneManifest_Generation = YES;
				INFOPLIST_KEY_UIApplicationSupportsIndirectInputEvents = YES;
				INFOPLIST_KEY_UILaunchScreen_Generation = YES;
				INFOPLIST_KEY_UISupportedInterfaceOrientations_iPad = "UIInterfaceOrientationPortrait UIInterfaceOrientationPortraitUpsideDown UIInterfaceOrientationLandscapeLeft UIInterfaceOrientationLandscapeRight";
				INFOPLIST_KEY_UISupportedInterfaceOrientations_iPhone = "UIInterfaceOrientationPortrait UIInterfaceOrientationLandscapeLeft UIInterfaceOrientationLandscapeRight";
				IPHONEOS_DEPLOYMENT_TARGET = 18.0;
				LD_RUNPATH_SEARCH_PATHS = (
					"$(inherited)",
					"@executable_path/Frameworks",
				);
				MARKETING_VERSION = 1.0;
				PRODUCT_BUNDLE_IDENTIFIER = com.israman.TipIt;
				PRODUCT_NAME = "$(TARGET_NAME)";
				SWIFT_EMIT_LOC_STRINGS = YES;
				SWIFT_VERSION = 5.0;
				TARGETED_DEVICE_FAMILY = "1,2";
			};
			name = Debug;
		};
		8D886E91280CF0CC00F74167 /* Release */ = {
			isa = XCBuildConfiguration;
			buildSettings = {
				ASSETCATALOG_COMPILER_APPICON_NAME = AppIcon;
				ASSETCATALOG_COMPILER_GLOBAL_ACCENT_COLOR_NAME = AccentColor;
				CODE_SIGN_STYLE = Automatic;
				CURRENT_PROJECT_VERSION = 1;
				DEVELOPMENT_ASSET_PATHS = "\"TipIt/Preview Content\"";
				DEVELOPMENT_TEAM = 6DC9LP75VX;
				ENABLE_PREVIEWS = YES;
				GENERATE_INFOPLIST_FILE = YES;
				INFOPLIST_KEY_UIApplicationSceneManifest_Generation = YES;
				INFOPLIST_KEY_UIApplicationSupportsIndirectInputEvents = YES;
				INFOPLIST_KEY_UILaunchScreen_Generation = YES;
				INFOPLIST_KEY_UISupportedInterfaceOrientations_iPad = "UIInterfaceOrientationPortrait UIInterfaceOrientationPortraitUpsideDown UIInterfaceOrientationLandscapeLeft UIInterfaceOrientationLandscapeRight";
				INFOPLIST_KEY_UISupportedInterfaceOrientations_iPhone = "UIInterfaceOrientationPortrait UIInterfaceOrientationLandscapeLeft UIInterfaceOrientationLandscapeRight";
				IPHONEOS_DEPLOYMENT_TARGET = 18.0;
				LD_RUNPATH_SEARCH_PATHS = (
					"$(inherited)",
					"@executable_path/Frameworks",
				);
				MARKETING_VERSION = 1.0;
				PRODUCT_BUNDLE_IDENTIFIER = com.israman.TipIt;
				PRODUCT_NAME = "$(TARGET_NAME)";
				SWIFT_EMIT_LOC_STRINGS = YES;
				SWIFT_VERSION = 5.0;
				TARGETED_DEVICE_FAMILY = "1,2";
			};
			name = Release;
		};
		8D886E93280CF0CC00F74167 /* Debug */ = {
			isa = XCBuildConfiguration;
			buildSettings = {
				BUNDLE_LOADER = "$(TEST_HOST)";
				CODE_SIGN_STYLE = Automatic;
				CURRENT_PROJECT_VERSION = 1;
				DEVELOPMENT_TEAM = 6DC9LP75VX;
				GENERATE_INFOPLIST_FILE = YES;
				IPHONEOS_DEPLOYMENT_TARGET = 15.4;
				MARKETING_VERSION = 1.0;
				PRODUCT_BUNDLE_IDENTIFIER = com.israman.TipItTests;
				PRODUCT_NAME = "$(TARGET_NAME)";
				SWIFT_EMIT_LOC_STRINGS = NO;
				SWIFT_VERSION = 5.0;
				TARGETED_DEVICE_FAMILY = "1,2";
				TEST_HOST = "$(BUILT_PRODUCTS_DIR)/TipIt.app/TipIt";
			};
			name = Debug;
		};
		8D886E94280CF0CC00F74167 /* Release */ = {
			isa = XCBuildConfiguration;
			buildSettings = {
				BUNDLE_LOADER = "$(TEST_HOST)";
				CODE_SIGN_STYLE = Automatic;
				CURRENT_PROJECT_VERSION = 1;
				DEVELOPMENT_TEAM = 6DC9LP75VX;
				GENERATE_INFOPLIST_FILE = YES;
				IPHONEOS_DEPLOYMENT_TARGET = 15.4;
				MARKETING_VERSION = 1.0;
				PRODUCT_BUNDLE_IDENTIFIER = com.israman.TipItTests;
				PRODUCT_NAME = "$(TARGET_NAME)";
				SWIFT_EMIT_LOC_STRINGS = NO;
				SWIFT_VERSION = 5.0;
				TARGETED_DEVICE_FAMILY = "1,2";
				TEST_HOST = "$(BUILT_PRODUCTS_DIR)/TipIt.app/TipIt";
			};
			name = Release;
		};
		8D886E96280CF0CC00F74167 /* Debug */ = {
			isa = XCBuildConfiguration;
			buildSettings = {
				CODE_SIGN_STYLE = Automatic;
				CURRENT_PROJECT_VERSION = 1;
				DEVELOPMENT_TEAM = 6DC9LP75VX;
				GENERATE_INFOPLIST_FILE = YES;
				MARKETING_VERSION = 1.0;
				PRODUCT_BUNDLE_IDENTIFIER = com.israman.TipItUITests;
				PRODUCT_NAME = "$(TARGET_NAME)";
				SWIFT_EMIT_LOC_STRINGS = NO;
				SWIFT_VERSION = 5.0;
				TARGETED_DEVICE_FAMILY = "1,2";
				TEST_TARGET_NAME = TipIt;
			};
			name = Debug;
		};
		8D886E97280CF0CC00F74167 /* Release */ = {
			isa = XCBuildConfiguration;
			buildSettings = {
				CODE_SIGN_STYLE = Automatic;
				CURRENT_PROJECT_VERSION = 1;
				DEVELOPMENT_TEAM = 6DC9LP75VX;
				GENERATE_INFOPLIST_FILE = YES;
				MARKETING_VERSION = 1.0;
				PRODUCT_BUNDLE_IDENTIFIER = com.israman.TipItUITests;
				PRODUCT_NAME = "$(TARGET_NAME)";
				SWIFT_EMIT_LOC_STRINGS = NO;
				SWIFT_VERSION = 5.0;
				TARGETED_DEVICE_FAMILY = "1,2";
				TEST_TARGET_NAME = TipIt;
			};
			name = Release;
		};
/* End XCBuildConfiguration section */

/* Begin XCConfigurationList section */
		8D886E66280CF0C600F74167 /* Build configuration list for PBXProject "TipIt" */ = {
			isa = XCConfigurationList;
			buildConfigurations = (
				8D886E8D280CF0CC00F74167 /* Debug */,
				8D886E8E280CF0CC00F74167 /* Release */,
			);
			defaultConfigurationIsVisible = 0;
			defaultConfigurationName = Release;
		};
		8D886E8F280CF0CC00F74167 /* Build configuration list for PBXNativeTarget "TipIt" */ = {
			isa = XCConfigurationList;
			buildConfigurations = (
				8D886E90280CF0CC00F74167 /* Debug */,
				8D886E91280CF0CC00F74167 /* Release */,
			);
			defaultConfigurationIsVisible = 0;
			defaultConfigurationName = Release;
		};
		8D886E92280CF0CC00F74167 /* Build configuration list for PBXNativeTarget "TipItTests" */ = {
			isa = XCConfigurationList;
			buildConfigurations = (
				8D886E93280CF0CC00F74167 /* Debug */,
				8D886E94280CF0CC00F74167 /* Release */,
			);
			defaultConfigurationIsVisible = 0;
			defaultConfigurationName = Release;
		};
		8D886E95280CF0CC00F74167 /* Build configuration list for PBXNativeTarget "TipItUITests" */ = {
			isa = XCConfigurationList;
			buildConfigurations = (
				8D886E96280CF0CC00F74167 /* Debug */,
				8D886E97280CF0CC00F74167 /* Release */,
			);
			defaultConfigurationIsVisible = 0;
			defaultConfigurationName = Release;
		};
/* End XCConfigurationList section */
	};
	rootObject = 8D886E63280CF0C600F74167 /* Project object */;
}
